
Microsoft Visual Studio Solution File, Format Version 12.00
# Visual Studio Version 16
VisualStudioVersion = 16.0.31424.327
MinimumVisualStudioVersion = 10.0.40219.1
Project("{FAE04EC0-301F-11D3-BF4B-00C04F79EFBC}") = "コンソール麻雀", "コンソール麻雀\コンソール麻雀.csproj", "{BFC5B19D-25E6-4298-B348-4ACBC9DEC83E}"
EndProject
Global
	GlobalSection(SolutionConfigurationPlatforms) = preSolution
		Debug|Any CPU = Debug|Any CPU
		Release|Any CPU = Release|Any CPU
	EndGlobalSection
	GlobalSection(ProjectConfigurationPlatforms) = postSolution
		{BFC5B19D-25E6-4298-B348-4ACBC9DEC83E}.Debug|Any CPU.ActiveCfg = Debug|Any CPU
		{BFC5B19D-25E6-4298-B348-4ACBC9DEC83E}.Debug|Any CPU.Build.0 = Debug|Any CPU
		{BFC5B19D-25E6-4298-B348-4ACBC9DEC83E}.Release|Any CPU.ActiveCfg = Release|Any CPU
		{BFC5B19D-25E6-4298-B348-4ACBC9DEC83E}.Release|Any CPU.Build.0 = Release|Any CPU
	EndGlobalSection
	GlobalSection(SolutionProperties) = preSolution
		HideSolutionNode = FALSE
	EndGlobalSection
	GlobalSection(ExtensibilityGlobals) = postSolution
		SolutionGuid = {3CCAB358-C2D3-4C2E-97F4-C2DC51A37613}
	EndGlobalSection
EndGlobal
